{
    "_meta": {
        "hash": {
            "sha256": "e046699867bfa20c4660e12a9fa03ff49b6a8fe9546954b068808e5404820d57"
        },
        "pipfile-spec": 6,
        "requires": {
            "python_version": "3.8"
        },
        "sources": [
            {
                "name": "pypi",
                "url": "https://pypi.org/simple",
                "verify_ssl": true
            }
        ]
    },
    "default": {
        "ain": {
            "editable": true,
            "path": "."
        },
        "myproject": {
            "editable": true,
            "path": "."
        }
    },
    "develop": {}
}
